
Microsoft Visual Studio Solution File, Format Version 12.00
# Visual Studio Version 17
VisualStudioVersion = 17.4.33205.214
MinimumVisualStudioVersion = 10.0.40219.1
Project("{FAE04EC0-301F-11D3-BF4B-00C04F79EFBC}") = "ExportarDados", "ExportarDados\ExportarDados.csproj", "{9F76587F-9568-47C6-9D8C-89F99A4D1699}"
EndProject
Global
	GlobalSection(SolutionConfigurationPlatforms) = preSolution
		Debug|Any CPU = Debug|Any CPU
		Release|Any CPU = Release|Any CPU
	EndGlobalSection
	GlobalSection(ProjectConfigurationPlatforms) = postSolution
		{9F76587F-9568-47C6-9D8C-89F99A4D1699}.Debug|Any CPU.ActiveCfg = Debug|Any CPU
		{9F76587F-9568-47C6-9D8C-89F99A4D1699}.Debug|Any CPU.Build.0 = Debug|Any CPU
		{9F76587F-9568-47C6-9D8C-89F99A4D1699}.Release|Any CPU.ActiveCfg = Release|Any CPU
		{9F76587F-9568-47C6-9D8C-89F99A4D1699}.Release|Any CPU.Build.0 = Release|Any CPU
	EndGlobalSection
	GlobalSection(SolutionProperties) = preSolution
		HideSolutionNode = FALSE
	EndGlobalSection
	GlobalSection(ExtensibilityGlobals) = postSolution
		SolutionGuid = {A5E03CFE-C43C-4D2E-A30A-9A6BC43F368C}
	EndGlobalSection
EndGlobal
